// !$*UTF8*$!
{
	archiveVersion = 1;
	classes = {
	};
	objectVersion = 50;
	objects = {

/* Begin PBXBuildFile section */
		8D34399A241A576500EEB2C2 /* AppDelegate.swift in Sources */ = {isa = PBXBuildFile; fileRef = 8D343999241A576500EEB2C2 /* AppDelegate.swift */; };
		8D34399C241A576500EEB2C2 /* SceneDelegate.swift in Sources */ = {isa = PBXBuildFile; fileRef = 8D34399B241A576500EEB2C2 /* SceneDelegate.swift */; };
		8D34399E241A576500EEB2C2 /* ViewController.swift in Sources */ = {isa = PBXBuildFile; fileRef = 8D34399D241A576500EEB2C2 /* ViewController.swift */; };
		8D3439A1241A576500EEB2C2 /* Main.storyboard in Resources */ = {isa = PBXBuildFile; fileRef = 8D34399F241A576500EEB2C2 /* Main.storyboard */; };
		8D3439A4241A576500EEB2C2 /* CoreDataJson.xcdatamodeld in Sources */ = {isa = PBXBuildFile; fileRef = 8D3439A2241A576500EEB2C2 /* CoreDataJson.xcdatamodeld */; };
		8D3439A6241A576500EEB2C2 /* Assets.xcassets in Resources */ = {isa = PBXBuildFile; fileRef = 8D3439A5241A576500EEB2C2 /* Assets.xcassets */; };
		8D3439A9241A576500EEB2C2 /* LaunchScreen.storyboard in Resources */ = {isa = PBXBuildFile; fileRef = 8D3439A7241A576500EEB2C2 /* LaunchScreen.storyboard */; };
		8D3439E1241B917C00EEB2C2 /* BookCoreData+CoreDataClass.swift in Sources */ = {isa = PBXBuildFile; fileRef = 8D3439DB241B917C00EEB2C2 /* BookCoreData+CoreDataClass.swift */; };
		8D3439E2241B917C00EEB2C2 /* BookCoreData+CoreDataProperties.swift in Sources */ = {isa = PBXBuildFile; fileRef = 8D3439DC241B917C00EEB2C2 /* BookCoreData+CoreDataProperties.swift */; };
		8D3439E3241B917C00EEB2C2 /* EmployeeCoreData+CoreDataClass.swift in Sources */ = {isa = PBXBuildFile; fileRef = 8D3439DD241B917C00EEB2C2 /* EmployeeCoreData+CoreDataClass.swift */; };
		8D3439E4241B917C00EEB2C2 /* EmployeeCoreData+CoreDataProperties.swift in Sources */ = {isa = PBXBuildFile; fileRef = 8D3439DE241B917C00EEB2C2 /* EmployeeCoreData+CoreDataProperties.swift */; };
		8D3439E5241B917C00EEB2C2 /* AuthorCoreData+CoreDataClass.swift in Sources */ = {isa = PBXBuildFile; fileRef = 8D3439DF241B917C00EEB2C2 /* AuthorCoreData+CoreDataClass.swift */; };
		8D3439E6241B917C00EEB2C2 /* AuthorCoreData+CoreDataProperties.swift in Sources */ = {isa = PBXBuildFile; fileRef = 8D3439E0241B917C00EEB2C2 /* AuthorCoreData+CoreDataProperties.swift */; };
/* End PBXBuildFile section */

/* Begin PBXFileReference section */
		8D343996241A576500EEB2C2 /* CoreDataJson.app */ = {isa = PBXFileReference; explicitFileType = wrapper.application; includeInIndex = 0; path = CoreDataJson.app; sourceTree = BUILT_PRODUCTS_DIR; };
		8D343999241A576500EEB2C2 /* AppDelegate.swift */ = {isa = PBXFileReference; lastKnownFileType = sourcecode.swift; path = AppDelegate.swift; sourceTree = "<group>"; };
		8D34399B241A576500EEB2C2 /* SceneDelegate.swift */ = {isa = PBXFileReference; lastKnownFileType = sourcecode.swift; path = SceneDelegate.swift; sourceTree = "<group>"; };
		8D34399D241A576500EEB2C2 /* ViewController.swift */ = {isa = PBXFileReference; lastKnownFileType = sourcecode.swift; path = ViewController.swift; sourceTree = "<group>"; };
		8D3439A0241A576500EEB2C2 /* Base */ = {isa = PBXFileReference; lastKnownFileType = file.storyboard; name = Base; path = Base.lproj/Main.storyboard; sourceTree = "<group>"; };
		8D3439A3241A576500EEB2C2 /* CoreDataJson.xcdatamodel */ = {isa = PBXFileReference; lastKnownFileType = wrapper.xcdatamodel; path = CoreDataJson.xcdatamodel; sourceTree = "<group>"; };
		8D3439A5241A576500EEB2C2 /* Assets.xcassets */ = {isa = PBXFileReference; lastKnownFileType = folder.assetcatalog; path = Assets.xcassets; sourceTree = "<group>"; };
		8D3439A8241A576500EEB2C2 /* Base */ = {isa = PBXFileReference; lastKnownFileType = file.storyboard; name = Base; path = Base.lproj/LaunchScreen.storyboard; sourceTree = "<group>"; };
		8D3439AA241A576500EEB2C2 /* Info.plist */ = {isa = PBXFileReference; lastKnownFileType = text.plist.xml; path = Info.plist; sourceTree = "<group>"; };
		8D3439DB241B917C00EEB2C2 /* BookCoreData+CoreDataClass.swift */ = {isa = PBXFileReference; lastKnownFileType = sourcecode.swift; path = "BookCoreData+CoreDataClass.swift"; sourceTree = "<group>"; };
		8D3439DC241B917C00EEB2C2 /* BookCoreData+CoreDataProperties.swift */ = {isa = PBXFileReference; lastKnownFileType = sourcecode.swift; path = "BookCoreData+CoreDataProperties.swift"; sourceTree = "<group>"; };
		8D3439DD241B917C00EEB2C2 /* EmployeeCoreData+CoreDataClass.swift */ = {isa = PBXFileReference; lastKnownFileType = sourcecode.swift; path = "EmployeeCoreData+CoreDataClass.swift"; sourceTree = "<group>"; };
		8D3439DE241B917C00EEB2C2 /* EmployeeCoreData+CoreDataProperties.swift */ = {isa = PBXFileReference; lastKnownFileType = sourcecode.swift; path = "EmployeeCoreData+CoreDataProperties.swift"; sourceTree = "<group>"; };
		8D3439DF241B917C00EEB2C2 /* AuthorCoreData+CoreDataClass.swift */ = {isa = PBXFileReference; lastKnownFileType = sourcecode.swift; path = "AuthorCoreData+CoreDataClass.swift"; sourceTree = "<group>"; };
		8D3439E0241B917C00EEB2C2 /* AuthorCoreData+CoreDataProperties.swift */ = {isa = PBXFileReference; lastKnownFileType = sourcecode.swift; path = "AuthorCoreData+CoreDataProperties.swift"; sourceTree = "<group>"; };
/* End PBXFileReference section */

/* Begin PBXFrameworksBuildPhase section */
		8D343993241A576500EEB2C2 /* Frameworks */ = {
			isa = PBXFrameworksBuildPhase;
			buildActionMask = 2147483647;
			files = (
			);
			runOnlyForDeploymentPostprocessing = 0;
		};
/* End PBXFrameworksBuildPhase section */

/* Begin PBXGroup section */
		8D34398D241A576500EEB2C2 = {
			isa = PBXGroup;
			children = (
				8D3439D2241A8E0900EEB2C2 /* MyCoreData */,
				8D343998241A576500EEB2C2 /* CoreDataJson */,
				8D343997241A576500EEB2C2 /* Products */,
			);
			sourceTree = "<group>";
		};
		8D343997241A576500EEB2C2 /* Products */ = {
			isa = PBXGroup;
			children = (
				8D343996241A576500EEB2C2 /* CoreDataJson.app */,
			);
			name = Products;
			sourceTree = "<group>";
		};
		8D343998241A576500EEB2C2 /* CoreDataJson */ = {
			isa = PBXGroup;
			children = (
				8D343999241A576500EEB2C2 /* AppDelegate.swift */,
				8D34399B241A576500EEB2C2 /* SceneDelegate.swift */,
				8D34399D241A576500EEB2C2 /* ViewController.swift */,
				8D34399F241A576500EEB2C2 /* Main.storyboard */,
				8D3439A5241A576500EEB2C2 /* Assets.xcassets */,
				8D3439A7241A576500EEB2C2 /* LaunchScreen.storyboard */,
				8D3439AA241A576500EEB2C2 /* Info.plist */,
				8D3439A2241A576500EEB2C2 /* CoreDataJson.xcdatamodeld */,
			);
			path = CoreDataJson;
			sourceTree = "<group>";
		};
		8D3439D2241A8E0900EEB2C2 /* MyCoreData */ = {
			isa = PBXGroup;
			children = (
				8D3439DB241B917C00EEB2C2 /* BookCoreData+CoreDataClass.swift */,
				8D3439DC241B917C00EEB2C2 /* BookCoreData+CoreDataProperties.swift */,
				8D3439DD241B917C00EEB2C2 /* EmployeeCoreData+CoreDataClass.swift */,
				8D3439DE241B917C00EEB2C2 /* EmployeeCoreData+CoreDataProperties.swift */,
				8D3439DF241B917C00EEB2C2 /* AuthorCoreData+CoreDataClass.swift */,
				8D3439E0241B917C00EEB2C2 /* AuthorCoreData+CoreDataProperties.swift */,
			);
			path = MyCoreData;
			sourceTree = "<group>";
		};
/* End PBXGroup section */

/* Begin PBXNativeTarget section */
		8D343995241A576500EEB2C2 /* CoreDataJson */ = {
			isa = PBXNativeTarget;
			buildConfigurationList = 8D3439AD241A576500EEB2C2 /* Build configuration list for PBXNativeTarget "CoreDataJson" */;
			buildPhases = (
				8D343992241A576500EEB2C2 /* Sources */,
				8D343993241A576500EEB2C2 /* Frameworks */,
				8D343994241A576500EEB2C2 /* Resources */,
			);
			buildRules = (
			);
			dependencies = (
			);
			name = CoreDataJson;
			productName = CoreDataJson;
			productReference = 8D343996241A576500EEB2C2 /* CoreDataJson.app */;
			productType = "com.apple.product-type.application";
		};
/* End PBXNativeTarget section */

/* Begin PBXProject section */
		8D34398E241A576500EEB2C2 /* Project object */ = {
			isa = PBXProject;
			attributes = {
				LastSwiftUpdateCheck = 1130;
				LastUpgradeCheck = 1130;
				ORGANIZATIONNAME = "Joakim Sjöstedt";
				TargetAttributes = {
					8D343995241A576500EEB2C2 = {
						CreatedOnToolsVersion = 11.3.1;
					};
				};
			};
			buildConfigurationList = 8D343991241A576500EEB2C2 /* Build configuration list for PBXProject "CoreDataJson" */;
			compatibilityVersion = "Xcode 9.3";
			developmentRegion = en;
			hasScannedForEncodings = 0;
			knownRegions = (
				en,
				Base,
			);
			mainGroup = 8D34398D241A576500EEB2C2;
			productRefGroup = 8D343997241A576500EEB2C2 /* Products */;
			projectDirPath = "";
			projectRoot = "";
			targets = (
				8D343995241A576500EEB2C2 /* CoreDataJson */,
			);
		};
/* End PBXProject section */

/* Begin PBXResourcesBuildPhase section */
		8D343994241A576500EEB2C2 /* Resources */ = {
			isa = PBXResourcesBuildPhase;
			buildActionMask = 2147483647;
			files = (
				8D3439A9241A576500EEB2C2 /* LaunchScreen.storyboard in Resources */,
				8D3439A6241A576500EEB2C2 /* Assets.xcassets in Resources */,
				8D3439A1241A576500EEB2C2 /* Main.storyboard in Resources */,
			);
			runOnlyForDeploymentPostprocessing = 0;
		};
/* End PBXResourcesBuildPhase section */

/* Begin PBXSourcesBuildPhase section */
		8D343992241A576500EEB2C2 /* Sources */ = {
			isa = PBXSourcesBuildPhase;
			buildActionMask = 2147483647;
			files = (
				8D34399E241A576500EEB2C2 /* ViewController.swift in Sources */,
				8D3439E1241B917C00EEB2C2 /* BookCoreData+CoreDataClass.swift in Sources */,
				8D3439E4241B917C00EEB2C2 /* EmployeeCoreData+CoreDataProperties.swift in Sources */,
				8D34399A241A576500EEB2C2 /* AppDelegate.swift in Sources */,
				8D3439E5241B917C00EEB2C2 /* AuthorCoreData+CoreDataClass.swift in Sources */,
				8D3439E6241B917C00EEB2C2 /* AuthorCoreData+CoreDataProperties.swift in Sources */,
				8D3439E2241B917C00EEB2C2 /* BookCoreData+CoreDataProperties.swift in Sources */,
				8D3439E3241B917C00EEB2C2 /* EmployeeCoreData+CoreDataClass.swift in Sources */,
				8D3439A4241A576500EEB2C2 /* CoreDataJson.xcdatamodeld in Sources */,
				8D34399C241A576500EEB2C2 /* SceneDelegate.swift in Sources */,
			);
			runOnlyForDeploymentPostprocessing = 0;
		};
/* End PBXSourcesBuildPhase section */

/* Begin PBXVariantGroup section */
		8D34399F241A576500EEB2C2 /* Main.storyboard */ = {
			isa = PBXVariantGroup;
			children = (
				8D3439A0241A576500EEB2C2 /* Base */,
			);
			name = Main.storyboard;
			sourceTree = "<group>";
		};
		8D3439A7241A576500EEB2C2 /* LaunchScreen.storyboard */ = {
			isa = PBXVariantGroup;
			children = (
				8D3439A8241A576500EEB2C2 /* Base */,
			);
			name = LaunchScreen.storyboard;
			sourceTree = "<group>";
		};
/* End PBXVariantGroup section */

/* Begin XCBuildConfiguration section */
		8D3439AB241A576500EEB2C2 /* Debug */ = {
			isa = XCBuildConfiguration;
			buildSettings = {
				ALWAYS_SEARCH_USER_PATHS = NO;
				CLANG_ANALYZER_NONNULL = YES;
				CLANG_ANALYZER_NUMBER_OBJECT_CONVERSION = YES_AGGRESSIVE;
				CLANG_CXX_LANGUAGE_STANDARD = "gnu++14";
				CLANG_CXX_LIBRARY = "libc++";
				CLANG_ENABLE_MODULES = YES;
				CLANG_ENABLE_OBJC_ARC = YES;
				CLANG_ENABLE_OBJC_WEAK = YES;
				CLANG_WARN_BLOCK_CAPTURE_AUTORELEASING = YES;
				CLANG_WARN_BOOL_CONVERSION = YES;
				CLANG_WARN_COMMA = YES;
				CLANG_WARN_CONSTANT_CONVERSION = YES;
				CLANG_WARN_DEPRECATED_OBJC_IMPLEMENTATIONS = YES;
				CLANG_WARN_DIRECT_OBJC_ISA_USAGE = YES_ERROR;
				CLANG_WARN_DOCUMENTATION_COMMENTS = YES;
				CLANG_WARN_EMPTY_BODY = YES;
				CLANG_WARN_ENUM_CONVERSION = YES;
				CLANG_WARN_INFINITE_RECURSION = YES;
				CLANG_WARN_INT_CONVERSION = YES;
				CLANG_WARN_NON_LITERAL_NULL_CONVERSION = YES;
				CLANG_WARN_OBJC_IMPLICIT_RETAIN_SELF = YES;
				CLANG_WARN_OBJC_LITERAL_CONVERSION = YES;
				CLANG_WARN_OBJC_ROOT_CLASS = YES_ERROR;
				CLANG_WARN_RANGE_LOOP_ANALYSIS = YES;
				CLANG_WARN_STRICT_PROTOTYPES = YES;
				CLANG_WARN_SUSPICIOUS_MOVE = YES;
				CLANG_WARN_UNGUARDED_AVAILABILITY = YES_AGGRESSIVE;
				CLANG_WARN_UNREACHABLE_CODE = YES;
				CLANG_WARN__DUPLICATE_METHOD_MATCH = YES;
				COPY_PHASE_STRIP = NO;
				DEBUG_INFORMATION_FORMAT = dwarf;
				ENABLE_STRICT_OBJC_MSGSEND = YES;
				ENABLE_TESTABILITY = YES;
				GCC_C_LANGUAGE_STANDARD = gnu11;
				GCC_DYNAMIC_NO_PIC = NO;
				GCC_NO_COMMON_BLOCKS = YES;
				GCC_OPTIMIZATION_LEVEL = 0;
				GCC_PREPROCESSOR_DEFINITIONS = (
					"DEBUG=1",
					"$(inherited)",
				);
				GCC_WARN_64_TO_32_BIT_CONVERSION = YES;
				GCC_WARN_ABOUT_RETURN_TYPE = YES_ERROR;
				GCC_WARN_UNDECLARED_SELECTOR = YES;
				GCC_WARN_UNINITIALIZED_AUTOS = YES_AGGRESSIVE;
				GCC_WARN_UNUSED_FUNCTION = YES;
				GCC_WARN_UNUSED_VARIABLE = YES;
				IPHONEOS_DEPLOYMENT_TARGET = 13.2;
				MTL_ENABLE_DEBUG_INFO = INCLUDE_SOURCE;
				MTL_FAST_MATH = YES;
				ONLY_ACTIVE_ARCH = YES;
				SDKROOT = iphoneos;
				SWIFT_ACTIVE_COMPILATION_CONDITIONS = DEBUG;
				SWIFT_OPTIMIZATION_LEVEL = "-Onone";
			};
			name = Debug;
		};
		8D3439AC241A576500EEB2C2 /* Release */ = {
			isa = XCBuildConfiguration;
			buildSettings = {
				ALWAYS_SEARCH_USER_PATHS = NO;
				CLANG_ANALYZER_NONNULL = YES;
				CLANG_ANALYZER_NUMBER_OBJECT_CONVERSION = YES_AGGRESSIVE;
				CLANG_CXX_LANGUAGE_STANDARD = "gnu++14";
				CLANG_CXX_LIBRARY = "libc++";
				CLANG_ENABLE_MODULES = YES;
				CLANG_ENABLE_OBJC_ARC = YES;
				CLANG_ENABLE_OBJC_WEAK = YES;
				CLANG_WARN_BLOCK_CAPTURE_AUTORELEASING = YES;
				CLANG_WARN_BOOL_CONVERSION = YES;
				CLANG_WARN_COMMA = YES;
				CLANG_WARN_CONSTANT_CONVERSION = YES;
				CLANG_WARN_DEPRECATED_OBJC_IMPLEMENTATIONS = YES;
				CLANG_WARN_DIRECT_OBJC_ISA_USAGE = YES_ERROR;
				CLANG_WARN_DOCUMENTATION_COMMENTS = YES;
				CLANG_WARN_EMPTY_BODY = YES;
				CLANG_WARN_ENUM_CONVERSION = YES;
				CLANG_WARN_INFINITE_RECURSION = YES;
				CLANG_WARN_INT_CONVERSION = YES;
				CLANG_WARN_NON_LITERAL_NULL_CONVERSION = YES;
				CLANG_WARN_OBJC_IMPLICIT_RETAIN_SELF = YES;
				CLANG_WARN_OBJC_LITERAL_CONVERSION = YES;
				CLANG_WARN_OBJC_ROOT_CLASS = YES_ERROR;
				CLANG_WARN_RANGE_LOOP_ANALYSIS = YES;
				CLANG_WARN_STRICT_PROTOTYPES = YES;
				CLANG_WARN_SUSPICIOUS_MOVE = YES;
				CLANG_WARN_UNGUARDED_AVAILABILITY = YES_AGGRESSIVE;
				CLANG_WARN_UNREACHABLE_CODE = YES;
				CLANG_WARN__DUPLICATE_METHOD_MATCH = YES;
				COPY_PHASE_STRIP = NO;
				DEBUG_INFORMATION_FORMAT = "dwarf-with-dsym";
				ENABLE_NS_ASSERTIONS = NO;
				ENABLE_STRICT_OBJC_MSGSEND = YES;
				GCC_C_LANGUAGE_STANDARD = gnu11;
				GCC_NO_COMMON_BLOCKS = YES;
				GCC_WARN_64_TO_32_BIT_CONVERSION = YES;
				GCC_WARN_ABOUT_RETURN_TYPE = YES_ERROR;
				GCC_WARN_UNDECLARED_SELECTOR = YES;
				GCC_WARN_UNINITIALIZED_AUTOS = YES_AGGRESSIVE;
				GCC_WARN_UNUSED_FUNCTION = YES;
				GCC_WARN_UNUSED_VARIABLE = YES;
				IPHONEOS_DEPLOYMENT_TARGET = 13.2;
				MTL_ENABLE_DEBUG_INFO = NO;
				MTL_FAST_MATH = YES;
				SDKROOT = iphoneos;
				SWIFT_COMPILATION_MODE = wholemodule;
				SWIFT_OPTIMIZATION_LEVEL = "-O";
				VALIDATE_PRODUCT = YES;
			};
			name = Release;
		};
		8D3439AE241A576500EEB2C2 /* Debug */ = {
			isa = XCBuildConfiguration;
			buildSettings = {
				ASSETCATALOG_COMPILER_APPICON_NAME = AppIcon;
				CODE_SIGN_STYLE = Automatic;
				INFOPLIST_FILE = CoreDataJson/Info.plist;
				LD_RUNPATH_SEARCH_PATHS = (
					"$(inherited)",
					"@executable_path/Frameworks",
				);
				PRODUCT_BUNDLE_IDENTIFIER = SjostedtJoakim.CoreDataJson;
				PRODUCT_NAME = "$(TARGET_NAME)";
				SWIFT_VERSION = 5.0;
				TARGETED_DEVICE_FAMILY = "1,2";
			};
			name = Debug;
		};
		8D3439AF241A576500EEB2C2 /* Release */ = {
			isa = XCBuildConfiguration;
			buildSettings = {
				ASSETCATALOG_COMPILER_APPICON_NAME = AppIcon;
				CODE_SIGN_STYLE = Automatic;
				INFOPLIST_FILE = CoreDataJson/Info.plist;
				LD_RUNPATH_SEARCH_PATHS = (
					"$(inherited)",
					"@executable_path/Frameworks",
				);
				PRODUCT_BUNDLE_IDENTIFIER = SjostedtJoakim.CoreDataJson;
				PRODUCT_NAME = "$(TARGET_NAME)";
				SWIFT_VERSION = 5.0;
				TARGETED_DEVICE_FAMILY = "1,2";
			};
			name = Release;
		};
/* End XCBuildConfiguration section */

/* Begin XCConfigurationList section */
		8D343991241A576500EEB2C2 /* Build configuration list for PBXProject "CoreDataJson" */ = {
			isa = XCConfigurationList;
			buildConfigurations = (
				8D3439AB241A576500EEB2C2 /* Debug */,
				8D3439AC241A576500EEB2C2 /* Release */,
			);
			defaultConfigurationIsVisible = 0;
			defaultConfigurationName = Release;
		};
		8D3439AD241A576500EEB2C2 /* Build configuration list for PBXNativeTarget "CoreDataJson" */ = {
			isa = XCConfigurationList;
			buildConfigurations = (
				8D3439AE241A576500EEB2C2 /* Debug */,
				8D3439AF241A576500EEB2C2 /* Release */,
			);
			defaultConfigurationIsVisible = 0;
			defaultConfigurationName = Release;
		};
/* End XCConfigurationList section */

/* Begin XCVersionGroup section */
		8D3439A2241A576500EEB2C2 /* CoreDataJson.xcdatamodeld */ = {
			isa = XCVersionGroup;
			children = (
				8D3439A3241A576500EEB2C2 /* CoreDataJson.xcdatamodel */,
			);
			currentVersion = 8D3439A3241A576500EEB2C2 /* CoreDataJson.xcdatamodel */;
			path = CoreDataJson.xcdatamodeld;
			sourceTree = "<group>";
			versionGroupType = wrapper.xcdatamodel;
		};
/* End XCVersionGroup section */
	};
	rootObject = 8D34398E241A576500EEB2C2 /* Project object */;
}
